// !$*UTF8*$!
{
	archiveVersion = 1;
	classes = {
	};
	objectVersion = 55;
	objects = {

/* Begin PBXBuildFile section */
		655125D4276CBF7C00384E48 /* AppDelegate.swift in Sources */ = {isa = PBXBuildFile; fileRef = 655125D3276CBF7C00384E48 /* AppDelegate.swift */; };
		655125D6276CBF7C00384E48 /* SceneDelegate.swift in Sources */ = {isa = PBXBuildFile; fileRef = 655125D5276CBF7C00384E48 /* SceneDelegate.swift */; };
		655125D8276CBF7C00384E48 /* ViewController.swift in Sources */ = {isa = PBXBuildFile; fileRef = 655125D7276CBF7C00384E48 /* ViewController.swift */; };
		655125DB276CBF7C00384E48 /* Main.storyboard in Resources */ = {isa = PBXBuildFile; fileRef = 655125D9276CBF7C00384E48 /* Main.storyboard */; };
		655125DD276CBF7E00384E48 /* Assets.xcassets in Resources */ = {isa = PBXBuildFile; fileRef = 655125DC276CBF7E00384E48 /* Assets.xcassets */; };
		655125E0276CBF7E00384E48 /* LaunchScreen.storyboard in Resources */ = {isa = PBXBuildFile; fileRef = 655125DE276CBF7E00384E48 /* LaunchScreen.storyboard */; };
		655125F5276CBF7F00384E48 /* AirStoneUITests.swift in Sources */ = {isa = PBXBuildFile; fileRef = 655125F4276CBF7F00384E48 /* AirStoneUITests.swift */; };
		655125F7276CBF7F00384E48 /* AirStoneUITestsLaunchTests.swift in Sources */ = {isa = PBXBuildFile; fileRef = 655125F6276CBF7F00384E48 /* AirStoneUITestsLaunchTests.swift */; };
		65524DEA279BA31300421FC6 /* User.swift in Sources */ = {isa = PBXBuildFile; fileRef = 65524DE9279BA31300421FC6 /* User.swift */; };
		65524DEC279BA37700421FC6 /* Budget.swift in Sources */ = {isa = PBXBuildFile; fileRef = 65524DEB279BA37700421FC6 /* Budget.swift */; };
		65524DEE279BA63100421FC6 /* Income.swift in Sources */ = {isa = PBXBuildFile; fileRef = 65524DED279BA63100421FC6 /* Income.swift */; };
		65524DF0279BA63800421FC6 /* Expense.swift in Sources */ = {isa = PBXBuildFile; fileRef = 65524DEF279BA63800421FC6 /* Expense.swift */; };
		65524DF2279BA64000421FC6 /* Saving.swift in Sources */ = {isa = PBXBuildFile; fileRef = 65524DF1279BA64000421FC6 /* Saving.swift */; };
		65524DF5279BA9A800421FC6 /* UserTests.swift in Sources */ = {isa = PBXBuildFile; fileRef = 65524DF4279BA9A800421FC6 /* UserTests.swift */; };
		65524DF8279BB46F00421FC6 /* UserNameValidator.swift in Sources */ = {isa = PBXBuildFile; fileRef = 65524DF7279BB46F00421FC6 /* UserNameValidator.swift */; };
		65524DFA279BB4A600421FC6 /* UserNameValidatorTests.swift in Sources */ = {isa = PBXBuildFile; fileRef = 65524DF9279BB4A600421FC6 /* UserNameValidatorTests.swift */; };
		65524E05279BC50500421FC6 /* UserNameSpaceCleanerTests.swift in Sources */ = {isa = PBXBuildFile; fileRef = 65524E04279BC50500421FC6 /* UserNameSpaceCleanerTests.swift */; };
		65524E07279BC77000421FC6 /* UserNameSpaceCleaner.swift in Sources */ = {isa = PBXBuildFile; fileRef = 65524DFB279BC1E700421FC6 /* UserNameSpaceCleaner.swift */; };
		65D34C92279BD65500F61ECD /* CustomError.swift in Sources */ = {isa = PBXBuildFile; fileRef = 65D34C91279BD65500F61ECD /* CustomError.swift */; };
		65D34C94279BD7D100F61ECD /* CustomResult.swift in Sources */ = {isa = PBXBuildFile; fileRef = 65D34C93279BD7D100F61ECD /* CustomResult.swift */; };
/* End PBXBuildFile section */

/* Begin PBXContainerItemProxy section */
		655125E7276CBF7F00384E48 /* PBXContainerItemProxy */ = {
			isa = PBXContainerItemProxy;
			containerPortal = 655125C8276CBF7C00384E48 /* Project object */;
			proxyType = 1;
			remoteGlobalIDString = 655125CF276CBF7C00384E48;
			remoteInfo = AirStone;
		};
		655125F1276CBF7F00384E48 /* PBXContainerItemProxy */ = {
			isa = PBXContainerItemProxy;
			containerPortal = 655125C8276CBF7C00384E48 /* Project object */;
			proxyType = 1;
			remoteGlobalIDString = 655125CF276CBF7C00384E48;
			remoteInfo = AirStone;
		};
/* End PBXContainerItemProxy section */

/* Begin PBXFileReference section */
		655125D0276CBF7C00384E48 /* AirStone.app */ = {isa = PBXFileReference; explicitFileType = wrapper.application; includeInIndex = 0; path = AirStone.app; sourceTree = BUILT_PRODUCTS_DIR; };
		655125D3276CBF7C00384E48 /* AppDelegate.swift */ = {isa = PBXFileReference; lastKnownFileType = sourcecode.swift; path = AppDelegate.swift; sourceTree = "<group>"; };
		655125D5276CBF7C00384E48 /* SceneDelegate.swift */ = {isa = PBXFileReference; lastKnownFileType = sourcecode.swift; path = SceneDelegate.swift; sourceTree = "<group>"; };
		655125D7276CBF7C00384E48 /* ViewController.swift */ = {isa = PBXFileReference; lastKnownFileType = sourcecode.swift; path = ViewController.swift; sourceTree = "<group>"; };
		655125DA276CBF7C00384E48 /* Base */ = {isa = PBXFileReference; lastKnownFileType = file.storyboard; name = Base; path = Base.lproj/Main.storyboard; sourceTree = "<group>"; };
		655125DC276CBF7E00384E48 /* Assets.xcassets */ = {isa = PBXFileReference; lastKnownFileType = folder.assetcatalog; path = Assets.xcassets; sourceTree = "<group>"; };
		655125DF276CBF7E00384E48 /* Base */ = {isa = PBXFileReference; lastKnownFileType = file.storyboard; name = Base; path = Base.lproj/LaunchScreen.storyboard; sourceTree = "<group>"; };
		655125E1276CBF7E00384E48 /* Info.plist */ = {isa = PBXFileReference; lastKnownFileType = text.plist.xml; path = Info.plist; sourceTree = "<group>"; };
		655125E6276CBF7F00384E48 /* AirStoneTests.xctest */ = {isa = PBXFileReference; explicitFileType = wrapper.cfbundle; includeInIndex = 0; path = AirStoneTests.xctest; sourceTree = BUILT_PRODUCTS_DIR; };
		655125F0276CBF7F00384E48 /* AirStoneUITests.xctest */ = {isa = PBXFileReference; explicitFileType = wrapper.cfbundle; includeInIndex = 0; path = AirStoneUITests.xctest; sourceTree = BUILT_PRODUCTS_DIR; };
		655125F4276CBF7F00384E48 /* AirStoneUITests.swift */ = {isa = PBXFileReference; lastKnownFileType = sourcecode.swift; path = AirStoneUITests.swift; sourceTree = "<group>"; };
		655125F6276CBF7F00384E48 /* AirStoneUITestsLaunchTests.swift */ = {isa = PBXFileReference; lastKnownFileType = sourcecode.swift; path = AirStoneUITestsLaunchTests.swift; sourceTree = "<group>"; };
		65524DE9279BA31300421FC6 /* User.swift */ = {isa = PBXFileReference; lastKnownFileType = sourcecode.swift; path = User.swift; sourceTree = "<group>"; };
		65524DEB279BA37700421FC6 /* Budget.swift */ = {isa = PBXFileReference; lastKnownFileType = sourcecode.swift; path = Budget.swift; sourceTree = "<group>"; };
		65524DED279BA63100421FC6 /* Income.swift */ = {isa = PBXFileReference; lastKnownFileType = sourcecode.swift; path = Income.swift; sourceTree = "<group>"; };
		65524DEF279BA63800421FC6 /* Expense.swift */ = {isa = PBXFileReference; lastKnownFileType = sourcecode.swift; path = Expense.swift; sourceTree = "<group>"; };
		65524DF1279BA64000421FC6 /* Saving.swift */ = {isa = PBXFileReference; lastKnownFileType = sourcecode.swift; path = Saving.swift; sourceTree = "<group>"; };
		65524DF4279BA9A800421FC6 /* UserTests.swift */ = {isa = PBXFileReference; lastKnownFileType = sourcecode.swift; path = UserTests.swift; sourceTree = "<group>"; };
		65524DF7279BB46F00421FC6 /* UserNameValidator.swift */ = {isa = PBXFileReference; lastKnownFileType = sourcecode.swift; path = UserNameValidator.swift; sourceTree = "<group>"; };
		65524DF9279BB4A600421FC6 /* UserNameValidatorTests.swift */ = {isa = PBXFileReference; lastKnownFileType = sourcecode.swift; path = UserNameValidatorTests.swift; sourceTree = "<group>"; };
		65524DFB279BC1E700421FC6 /* UserNameSpaceCleaner.swift */ = {isa = PBXFileReference; lastKnownFileType = sourcecode.swift; path = UserNameSpaceCleaner.swift; sourceTree = "<group>"; };
		65524E04279BC50500421FC6 /* UserNameSpaceCleanerTests.swift */ = {isa = PBXFileReference; lastKnownFileType = sourcecode.swift; path = UserNameSpaceCleanerTests.swift; sourceTree = "<group>"; };
		65D34C91279BD65500F61ECD /* CustomError.swift */ = {isa = PBXFileReference; lastKnownFileType = sourcecode.swift; path = CustomError.swift; sourceTree = "<group>"; };
		65D34C93279BD7D100F61ECD /* CustomResult.swift */ = {isa = PBXFileReference; lastKnownFileType = sourcecode.swift; path = CustomResult.swift; sourceTree = "<group>"; };
/* End PBXFileReference section */

/* Begin PBXFrameworksBuildPhase section */
		655125CD276CBF7C00384E48 /* Frameworks */ = {
			isa = PBXFrameworksBuildPhase;
			buildActionMask = 2147483647;
			files = (
			);
			runOnlyForDeploymentPostprocessing = 0;
		};
		655125E3276CBF7F00384E48 /* Frameworks */ = {
			isa = PBXFrameworksBuildPhase;
			buildActionMask = 2147483647;
			files = (
			);
			runOnlyForDeploymentPostprocessing = 0;
		};
		655125ED276CBF7F00384E48 /* Frameworks */ = {
			isa = PBXFrameworksBuildPhase;
			buildActionMask = 2147483647;
			files = (
			);
			runOnlyForDeploymentPostprocessing = 0;
		};
/* End PBXFrameworksBuildPhase section */

/* Begin PBXGroup section */
		655125C7276CBF7C00384E48 = {
			isa = PBXGroup;
			children = (
				655125D2276CBF7C00384E48 /* AirStone */,
				655125E9276CBF7F00384E48 /* AirStoneTests */,
				655125F3276CBF7F00384E48 /* AirStoneUITests */,
				655125D1276CBF7C00384E48 /* Products */,
			);
			sourceTree = "<group>";
		};
		655125D1276CBF7C00384E48 /* Products */ = {
			isa = PBXGroup;
			children = (
				655125D0276CBF7C00384E48 /* AirStone.app */,
				655125E6276CBF7F00384E48 /* AirStoneTests.xctest */,
				655125F0276CBF7F00384E48 /* AirStoneUITests.xctest */,
			);
			name = Products;
			sourceTree = "<group>";
		};
		655125D2276CBF7C00384E48 /* AirStone */ = {
			isa = PBXGroup;
			children = (
				65524DE8279BA2FD00421FC6 /* Entities */,
				65524DE7279BA2A100421FC6 /* Config */,
				65524DE6279BA28D00421FC6 /* Presenter */,
				65524DE5279BA28900421FC6 /* View */,
				65524DE4279BA25800421FC6 /* Model */,
				655125D3276CBF7C00384E48 /* AppDelegate.swift */,
				655125D5276CBF7C00384E48 /* SceneDelegate.swift */,
				655125D7276CBF7C00384E48 /* ViewController.swift */,
				655125D9276CBF7C00384E48 /* Main.storyboard */,
				655125DC276CBF7E00384E48 /* Assets.xcassets */,
				655125DE276CBF7E00384E48 /* LaunchScreen.storyboard */,
				655125E1276CBF7E00384E48 /* Info.plist */,
				65524DF7279BB46F00421FC6 /* UserNameValidator.swift */,
				65524DFB279BC1E700421FC6 /* UserNameSpaceCleaner.swift */,
				65D34C91279BD65500F61ECD /* CustomError.swift */,
				65D34C93279BD7D100F61ECD /* CustomResult.swift */,
			);
			path = AirStone;
			sourceTree = "<group>";
		};
		655125E9276CBF7F00384E48 /* AirStoneTests */ = {
			isa = PBXGroup;
			children = (
				65524DF3279BA99600421FC6 /* Model */,
				65524DF9279BB4A600421FC6 /* UserNameValidatorTests.swift */,
				65524E04279BC50500421FC6 /* UserNameSpaceCleanerTests.swift */,
			);
			path = AirStoneTests;
			sourceTree = "<group>";
		};
		655125F3276CBF7F00384E48 /* AirStoneUITests */ = {
			isa = PBXGroup;
			children = (
				655125F4276CBF7F00384E48 /* AirStoneUITests.swift */,
				655125F6276CBF7F00384E48 /* AirStoneUITestsLaunchTests.swift */,
			);
			path = AirStoneUITests;
			sourceTree = "<group>";
		};
		65524DE4279BA25800421FC6 /* Model */ = {
			isa = PBXGroup;
			children = (
				65524DEB279BA37700421FC6 /* Budget.swift */,
				65524DEF279BA63800421FC6 /* Expense.swift */,
				65524DED279BA63100421FC6 /* Income.swift */,
				65524DF1279BA64000421FC6 /* Saving.swift */,
				65524DE9279BA31300421FC6 /* User.swift */,
			);
			path = Model;
			sourceTree = "<group>";
		};
		65524DE5279BA28900421FC6 /* View */ = {
			isa = PBXGroup;
			children = (
			);
			path = View;
			sourceTree = "<group>";
		};
		65524DE6279BA28D00421FC6 /* Presenter */ = {
			isa = PBXGroup;
			children = (
			);
			path = Presenter;
			sourceTree = "<group>";
		};
		65524DE7279BA2A100421FC6 /* Config */ = {
			isa = PBXGroup;
			children = (
			);
			path = Config;
			sourceTree = "<group>";
		};
		65524DE8279BA2FD00421FC6 /* Entities */ = {
			isa = PBXGroup;
			children = (
			);
			path = Entities;
			sourceTree = "<group>";
		};
		65524DF3279BA99600421FC6 /* Model */ = {
			isa = PBXGroup;
			children = (
				65524DF4279BA9A800421FC6 /* UserTests.swift */,
			);
			path = Model;
			sourceTree = "<group>";
		};
/* End PBXGroup section */

/* Begin PBXNativeTarget section */
		655125CF276CBF7C00384E48 /* AirStone */ = {
			isa = PBXNativeTarget;
			buildConfigurationList = 655125FA276CBF7F00384E48 /* Build configuration list for PBXNativeTarget "AirStone" */;
			buildPhases = (
				655125CC276CBF7C00384E48 /* Sources */,
				655125CD276CBF7C00384E48 /* Frameworks */,
				655125CE276CBF7C00384E48 /* Resources */,
			);
			buildRules = (
			);
			dependencies = (
			);
			name = AirStone;
			productName = AirStone;
			productReference = 655125D0276CBF7C00384E48 /* AirStone.app */;
			productType = "com.apple.product-type.application";
		};
		655125E5276CBF7F00384E48 /* AirStoneTests */ = {
			isa = PBXNativeTarget;
			buildConfigurationList = 655125FD276CBF7F00384E48 /* Build configuration list for PBXNativeTarget "AirStoneTests" */;
			buildPhases = (
				655125E2276CBF7F00384E48 /* Sources */,
				655125E3276CBF7F00384E48 /* Frameworks */,
				655125E4276CBF7F00384E48 /* Resources */,
			);
			buildRules = (
			);
			dependencies = (
				655125E8276CBF7F00384E48 /* PBXTargetDependency */,
			);
			name = AirStoneTests;
			productName = AirStoneTests;
			productReference = 655125E6276CBF7F00384E48 /* AirStoneTests.xctest */;
			productType = "com.apple.product-type.bundle.unit-test";
		};
		655125EF276CBF7F00384E48 /* AirStoneUITests */ = {
			isa = PBXNativeTarget;
			buildConfigurationList = 65512600276CBF7F00384E48 /* Build configuration list for PBXNativeTarget "AirStoneUITests" */;
			buildPhases = (
				655125EC276CBF7F00384E48 /* Sources */,
				655125ED276CBF7F00384E48 /* Frameworks */,
				655125EE276CBF7F00384E48 /* Resources */,
			);
			buildRules = (
			);
			dependencies = (
				655125F2276CBF7F00384E48 /* PBXTargetDependency */,
			);
			name = AirStoneUITests;
			productName = AirStoneUITests;
			productReference = 655125F0276CBF7F00384E48 /* AirStoneUITests.xctest */;
			productType = "com.apple.product-type.bundle.ui-testing";
		};
/* End PBXNativeTarget section */

/* Begin PBXProject section */
		655125C8276CBF7C00384E48 /* Project object */ = {
			isa = PBXProject;
			attributes = {
				BuildIndependentTargetsInParallel = 1;
				LastSwiftUpdateCheck = 1310;
				LastUpgradeCheck = 1310;
				TargetAttributes = {
					655125CF276CBF7C00384E48 = {
						CreatedOnToolsVersion = 13.1;
					};
					655125E5276CBF7F00384E48 = {
						CreatedOnToolsVersion = 13.1;
						TestTargetID = 655125CF276CBF7C00384E48;
					};
					655125EF276CBF7F00384E48 = {
						CreatedOnToolsVersion = 13.1;
						TestTargetID = 655125CF276CBF7C00384E48;
					};
				};
			};
			buildConfigurationList = 655125CB276CBF7C00384E48 /* Build configuration list for PBXProject "AirStone" */;
			compatibilityVersion = "Xcode 13.0";
			developmentRegion = en;
			hasScannedForEncodings = 0;
			knownRegions = (
				en,
				Base,
			);
			mainGroup = 655125C7276CBF7C00384E48;
			productRefGroup = 655125D1276CBF7C00384E48 /* Products */;
			projectDirPath = "";
			projectRoot = "";
			targets = (
				655125CF276CBF7C00384E48 /* AirStone */,
				655125E5276CBF7F00384E48 /* AirStoneTests */,
				655125EF276CBF7F00384E48 /* AirStoneUITests */,
			);
		};
/* End PBXProject section */

/* Begin PBXResourcesBuildPhase section */
		655125CE276CBF7C00384E48 /* Resources */ = {
			isa = PBXResourcesBuildPhase;
			buildActionMask = 2147483647;
			files = (
				655125E0276CBF7E00384E48 /* LaunchScreen.storyboard in Resources */,
				655125DD276CBF7E00384E48 /* Assets.xcassets in Resources */,
				655125DB276CBF7C00384E48 /* Main.storyboard in Resources */,
			);
			runOnlyForDeploymentPostprocessing = 0;
		};
		655125E4276CBF7F00384E48 /* Resources */ = {
			isa = PBXResourcesBuildPhase;
			buildActionMask = 2147483647;
			files = (
			);
			runOnlyForDeploymentPostprocessing = 0;
		};
		655125EE276CBF7F00384E48 /* Resources */ = {
			isa = PBXResourcesBuildPhase;
			buildActionMask = 2147483647;
			files = (
			);
			runOnlyForDeploymentPostprocessing = 0;
		};
/* End PBXResourcesBuildPhase section */

/* Begin PBXSourcesBuildPhase section */
		655125CC276CBF7C00384E48 /* Sources */ = {
			isa = PBXSourcesBuildPhase;
			buildActionMask = 2147483647;
			files = (
				65524E07279BC77000421FC6 /* UserNameSpaceCleaner.swift in Sources */,
				65524DF0279BA63800421FC6 /* Expense.swift in Sources */,
				65524DEA279BA31300421FC6 /* User.swift in Sources */,
				655125D8276CBF7C00384E48 /* ViewController.swift in Sources */,
				65524DEC279BA37700421FC6 /* Budget.swift in Sources */,
				655125D4276CBF7C00384E48 /* AppDelegate.swift in Sources */,
				65524DF8279BB46F00421FC6 /* UserNameValidator.swift in Sources */,
				65D34C94279BD7D100F61ECD /* CustomResult.swift in Sources */,
				65D34C92279BD65500F61ECD /* CustomError.swift in Sources */,
				65524DEE279BA63100421FC6 /* Income.swift in Sources */,
				655125D6276CBF7C00384E48 /* SceneDelegate.swift in Sources */,
				65524DF2279BA64000421FC6 /* Saving.swift in Sources */,
			);
			runOnlyForDeploymentPostprocessing = 0;
		};
		655125E2276CBF7F00384E48 /* Sources */ = {
			isa = PBXSourcesBuildPhase;
			buildActionMask = 2147483647;
			files = (
				65524DF5279BA9A800421FC6 /* UserTests.swift in Sources */,
				65524DFA279BB4A600421FC6 /* UserNameValidatorTests.swift in Sources */,
				65524E05279BC50500421FC6 /* UserNameSpaceCleanerTests.swift in Sources */,
			);
			runOnlyForDeploymentPostprocessing = 0;
		};
		655125EC276CBF7F00384E48 /* Sources */ = {
			isa = PBXSourcesBuildPhase;
			buildActionMask = 2147483647;
			files = (
				655125F7276CBF7F00384E48 /* AirStoneUITestsLaunchTests.swift in Sources */,
				655125F5276CBF7F00384E48 /* AirStoneUITests.swift in Sources */,
			);
			runOnlyForDeploymentPostprocessing = 0;
		};
/* End PBXSourcesBuildPhase section */

/* Begin PBXTargetDependency section */
		655125E8276CBF7F00384E48 /* PBXTargetDependency */ = {
			isa = PBXTargetDependency;
			target = 655125CF276CBF7C00384E48 /* AirStone */;
			targetProxy = 655125E7276CBF7F00384E48 /* PBXContainerItemProxy */;
		};
		655125F2276CBF7F00384E48 /* PBXTargetDependency */ = {
			isa = PBXTargetDependency;
			target = 655125CF276CBF7C00384E48 /* AirStone */;
			targetProxy = 655125F1276CBF7F00384E48 /* PBXContainerItemProxy */;
		};
/* End PBXTargetDependency section */

/* Begin PBXVariantGroup section */
		655125D9276CBF7C00384E48 /* Main.storyboard */ = {
			isa = PBXVariantGroup;
			children = (
				655125DA276CBF7C00384E48 /* Base */,
			);
			name = Main.storyboard;
			sourceTree = "<group>";
		};
		655125DE276CBF7E00384E48 /* LaunchScreen.storyboard */ = {
			isa = PBXVariantGroup;
			children = (
				655125DF276CBF7E00384E48 /* Base */,
			);
			name = LaunchScreen.storyboard;
			sourceTree = "<group>";
		};
/* End PBXVariantGroup section */

/* Begin XCBuildConfiguration section */
		655125F8276CBF7F00384E48 /* Debug */ = {
			isa = XCBuildConfiguration;
			buildSettings = {
				ALWAYS_SEARCH_USER_PATHS = NO;
				CLANG_ANALYZER_NONNULL = YES;
				CLANG_ANALYZER_NUMBER_OBJECT_CONVERSION = YES_AGGRESSIVE;
				CLANG_CXX_LANGUAGE_STANDARD = "gnu++17";
				CLANG_CXX_LIBRARY = "libc++";
				CLANG_ENABLE_MODULES = YES;
				CLANG_ENABLE_OBJC_ARC = YES;
				CLANG_ENABLE_OBJC_WEAK = YES;
				CLANG_WARN_BLOCK_CAPTURE_AUTORELEASING = YES;
				CLANG_WARN_BOOL_CONVERSION = YES;
				CLANG_WARN_COMMA = YES;
				CLANG_WARN_CONSTANT_CONVERSION = YES;
				CLANG_WARN_DEPRECATED_OBJC_IMPLEMENTATIONS = YES;
				CLANG_WARN_DIRECT_OBJC_ISA_USAGE = YES_ERROR;
				CLANG_WARN_DOCUMENTATION_COMMENTS = YES;
				CLANG_WARN_EMPTY_BODY = YES;
				CLANG_WARN_ENUM_CONVERSION = YES;
				CLANG_WARN_INFINITE_RECURSION = YES;
				CLANG_WARN_INT_CONVERSION = YES;
				CLANG_WARN_NON_LITERAL_NULL_CONVERSION = YES;
				CLANG_WARN_OBJC_IMPLICIT_RETAIN_SELF = YES;
				CLANG_WARN_OBJC_LITERAL_CONVERSION = YES;
				CLANG_WARN_OBJC_ROOT_CLASS = YES_ERROR;
				CLANG_WARN_QUOTED_INCLUDE_IN_FRAMEWORK_HEADER = YES;
				CLANG_WARN_RANGE_LOOP_ANALYSIS = YES;
				CLANG_WARN_STRICT_PROTOTYPES = YES;
				CLANG_WARN_SUSPICIOUS_MOVE = YES;
				CLANG_WARN_UNGUARDED_AVAILABILITY = YES_AGGRESSIVE;
				CLANG_WARN_UNREACHABLE_CODE = YES;
				CLANG_WARN__DUPLICATE_METHOD_MATCH = YES;
				COPY_PHASE_STRIP = NO;
				DEBUG_INFORMATION_FORMAT = dwarf;
				ENABLE_STRICT_OBJC_MSGSEND = YES;
				ENABLE_TESTABILITY = YES;
				GCC_C_LANGUAGE_STANDARD = gnu11;
				GCC_DYNAMIC_NO_PIC = NO;
				GCC_NO_COMMON_BLOCKS = YES;
				GCC_OPTIMIZATION_LEVEL = 0;
				GCC_PREPROCESSOR_DEFINITIONS = (
					"DEBUG=1",
					"$(inherited)",
				);
				GCC_WARN_64_TO_32_BIT_CONVERSION = YES;
				GCC_WARN_ABOUT_RETURN_TYPE = YES_ERROR;
				GCC_WARN_UNDECLARED_SELECTOR = YES;
				GCC_WARN_UNINITIALIZED_AUTOS = YES_AGGRESSIVE;
				GCC_WARN_UNUSED_FUNCTION = YES;
				GCC_WARN_UNUSED_VARIABLE = YES;
				IPHONEOS_DEPLOYMENT_TARGET = 15.0;
				MTL_ENABLE_DEBUG_INFO = INCLUDE_SOURCE;
				MTL_FAST_MATH = YES;
				ONLY_ACTIVE_ARCH = YES;
				SDKROOT = iphoneos;
				SWIFT_ACTIVE_COMPILATION_CONDITIONS = DEBUG;
				SWIFT_OPTIMIZATION_LEVEL = "-Onone";
			};
			name = Debug;
		};
		655125F9276CBF7F00384E48 /* Release */ = {
			isa = XCBuildConfiguration;
			buildSettings = {
				ALWAYS_SEARCH_USER_PATHS = NO;
				CLANG_ANALYZER_NONNULL = YES;
				CLANG_ANALYZER_NUMBER_OBJECT_CONVERSION = YES_AGGRESSIVE;
				CLANG_CXX_LANGUAGE_STANDARD = "gnu++17";
				CLANG_CXX_LIBRARY = "libc++";
				CLANG_ENABLE_MODULES = YES;
				CLANG_ENABLE_OBJC_ARC = YES;
				CLANG_ENABLE_OBJC_WEAK = YES;
				CLANG_WARN_BLOCK_CAPTURE_AUTORELEASING = YES;
				CLANG_WARN_BOOL_CONVERSION = YES;
				CLANG_WARN_COMMA = YES;
				CLANG_WARN_CONSTANT_CONVERSION = YES;
				CLANG_WARN_DEPRECATED_OBJC_IMPLEMENTATIONS = YES;
				CLANG_WARN_DIRECT_OBJC_ISA_USAGE = YES_ERROR;
				CLANG_WARN_DOCUMENTATION_COMMENTS = YES;
				CLANG_WARN_EMPTY_BODY = YES;
				CLANG_WARN_ENUM_CONVERSION = YES;
				CLANG_WARN_INFINITE_RECURSION = YES;
				CLANG_WARN_INT_CONVERSION = YES;
				CLANG_WARN_NON_LITERAL_NULL_CONVERSION = YES;
				CLANG_WARN_OBJC_IMPLICIT_RETAIN_SELF = YES;
				CLANG_WARN_OBJC_LITERAL_CONVERSION = YES;
				CLANG_WARN_OBJC_ROOT_CLASS = YES_ERROR;
				CLANG_WARN_QUOTED_INCLUDE_IN_FRAMEWORK_HEADER = YES;
				CLANG_WARN_RANGE_LOOP_ANALYSIS = YES;
				CLANG_WARN_STRICT_PROTOTYPES = YES;
				CLANG_WARN_SUSPICIOUS_MOVE = YES;
				CLANG_WARN_UNGUARDED_AVAILABILITY = YES_AGGRESSIVE;
				CLANG_WARN_UNREACHABLE_CODE = YES;
				CLANG_WARN__DUPLICATE_METHOD_MATCH = YES;
				COPY_PHASE_STRIP = NO;
				DEBUG_INFORMATION_FORMAT = "dwarf-with-dsym";
				ENABLE_NS_ASSERTIONS = NO;
				ENABLE_STRICT_OBJC_MSGSEND = YES;
				GCC_C_LANGUAGE_STANDARD = gnu11;
				GCC_NO_COMMON_BLOCKS = YES;
				GCC_WARN_64_TO_32_BIT_CONVERSION = YES;
				GCC_WARN_ABOUT_RETURN_TYPE = YES_ERROR;
				GCC_WARN_UNDECLARED_SELECTOR = YES;
				GCC_WARN_UNINITIALIZED_AUTOS = YES_AGGRESSIVE;
				GCC_WARN_UNUSED_FUNCTION = YES;
				GCC_WARN_UNUSED_VARIABLE = YES;
				IPHONEOS_DEPLOYMENT_TARGET = 15.0;
				MTL_ENABLE_DEBUG_INFO = NO;
				MTL_FAST_MATH = YES;
				SDKROOT = iphoneos;
				SWIFT_COMPILATION_MODE = wholemodule;
				SWIFT_OPTIMIZATION_LEVEL = "-O";
				VALIDATE_PRODUCT = YES;
			};
			name = Release;
		};
		655125FB276CBF7F00384E48 /* Debug */ = {
			isa = XCBuildConfiguration;
			buildSettings = {
				ASSETCATALOG_COMPILER_APPICON_NAME = AppIcon;
				ASSETCATALOG_COMPILER_GLOBAL_ACCENT_COLOR_NAME = AccentColor;
				CODE_SIGN_STYLE = Automatic;
				CURRENT_PROJECT_VERSION = 1;
				DEVELOPMENT_TEAM = DFZ8N2CQSG;
				GENERATE_INFOPLIST_FILE = YES;
				INFOPLIST_FILE = AirStone/Info.plist;
				INFOPLIST_KEY_UIApplicationSupportsIndirectInputEvents = YES;
				INFOPLIST_KEY_UILaunchStoryboardName = LaunchScreen;
				INFOPLIST_KEY_UIMainStoryboardFile = Main;
				INFOPLIST_KEY_UISupportedInterfaceOrientations_iPad = "UIInterfaceOrientationPortrait UIInterfaceOrientationPortraitUpsideDown UIInterfaceOrientationLandscapeLeft UIInterfaceOrientationLandscapeRight";
				INFOPLIST_KEY_UISupportedInterfaceOrientations_iPhone = "UIInterfaceOrientationPortrait UIInterfaceOrientationLandscapeLeft UIInterfaceOrientationLandscapeRight";
				LD_RUNPATH_SEARCH_PATHS = (
					"$(inherited)",
					"@executable_path/Frameworks",
				);
				MARKETING_VERSION = 1.0;
				PRODUCT_BUNDLE_IDENTIFIER = KamolIbragimov.AirStone;
				PRODUCT_NAME = "$(TARGET_NAME)";
				SWIFT_EMIT_LOC_STRINGS = YES;
				SWIFT_VERSION = 5.0;
				TARGETED_DEVICE_FAMILY = "1,2";
			};
			name = Debug;
		};
		655125FC276CBF7F00384E48 /* Release */ = {
			isa = XCBuildConfiguration;
			buildSettings = {
				ASSETCATALOG_COMPILER_APPICON_NAME = AppIcon;
				ASSETCATALOG_COMPILER_GLOBAL_ACCENT_COLOR_NAME = AccentColor;
				CODE_SIGN_STYLE = Automatic;
				CURRENT_PROJECT_VERSION = 1;
				DEVELOPMENT_TEAM = DFZ8N2CQSG;
				GENERATE_INFOPLIST_FILE = YES;
				INFOPLIST_FILE = AirStone/Info.plist;
				INFOPLIST_KEY_UIApplicationSupportsIndirectInputEvents = YES;
				INFOPLIST_KEY_UILaunchStoryboardName = LaunchScreen;
				INFOPLIST_KEY_UIMainStoryboardFile = Main;
				INFOPLIST_KEY_UISupportedInterfaceOrientations_iPad = "UIInterfaceOrientationPortrait UIInterfaceOrientationPortraitUpsideDown UIInterfaceOrientationLandscapeLeft UIInterfaceOrientationLandscapeRight";
				INFOPLIST_KEY_UISupportedInterfaceOrientations_iPhone = "UIInterfaceOrientationPortrait UIInterfaceOrientationLandscapeLeft UIInterfaceOrientationLandscapeRight";
				LD_RUNPATH_SEARCH_PATHS = (
					"$(inherited)",
					"@executable_path/Frameworks",
				);
				MARKETING_VERSION = 1.0;
				PRODUCT_BUNDLE_IDENTIFIER = KamolIbragimov.AirStone;
				PRODUCT_NAME = "$(TARGET_NAME)";
				SWIFT_EMIT_LOC_STRINGS = YES;
				SWIFT_VERSION = 5.0;
				TARGETED_DEVICE_FAMILY = "1,2";
			};
			name = Release;
		};
		655125FE276CBF7F00384E48 /* Debug */ = {
			isa = XCBuildConfiguration;
			buildSettings = {
				ALWAYS_EMBED_SWIFT_STANDARD_LIBRARIES = YES;
				BUNDLE_LOADER = "$(TEST_HOST)";
				CODE_SIGN_STYLE = Automatic;
				CURRENT_PROJECT_VERSION = 1;
				DEVELOPMENT_TEAM = DFZ8N2CQSG;
				GENERATE_INFOPLIST_FILE = YES;
				IPHONEOS_DEPLOYMENT_TARGET = 15.0;
				LD_RUNPATH_SEARCH_PATHS = (
					"$(inherited)",
					"@executable_path/Frameworks",
					"@loader_path/Frameworks",
				);
				MARKETING_VERSION = 1.0;
				PRODUCT_BUNDLE_IDENTIFIER = KamolIbragimov.AirStoneTests;
				PRODUCT_NAME = "$(TARGET_NAME)";
				SWIFT_EMIT_LOC_STRINGS = NO;
				SWIFT_VERSION = 5.0;
				TARGETED_DEVICE_FAMILY = "1,2";
				TEST_HOST = "$(BUILT_PRODUCTS_DIR)/AirStone.app/AirStone";
			};
			name = Debug;
		};
		655125FF276CBF7F00384E48 /* Release */ = {
			isa = XCBuildConfiguration;
			buildSettings = {
				ALWAYS_EMBED_SWIFT_STANDARD_LIBRARIES = YES;
				BUNDLE_LOADER = "$(TEST_HOST)";
				CODE_SIGN_STYLE = Automatic;
				CURRENT_PROJECT_VERSION = 1;
				DEVELOPMENT_TEAM = DFZ8N2CQSG;
				GENERATE_INFOPLIST_FILE = YES;
				IPHONEOS_DEPLOYMENT_TARGET = 15.0;
				LD_RUNPATH_SEARCH_PATHS = (
					"$(inherited)",
					"@executable_path/Frameworks",
					"@loader_path/Frameworks",
				);
				MARKETING_VERSION = 1.0;
				PRODUCT_BUNDLE_IDENTIFIER = KamolIbragimov.AirStoneTests;
				PRODUCT_NAME = "$(TARGET_NAME)";
				SWIFT_EMIT_LOC_STRINGS = NO;
				SWIFT_VERSION = 5.0;
				TARGETED_DEVICE_FAMILY = "1,2";
				TEST_HOST = "$(BUILT_PRODUCTS_DIR)/AirStone.app/AirStone";
			};
			name = Release;
		};
		65512601276CBF7F00384E48 /* Debug */ = {
			isa = XCBuildConfiguration;
			buildSettings = {
				ALWAYS_EMBED_SWIFT_STANDARD_LIBRARIES = YES;
				CODE_SIGN_STYLE = Automatic;
				CURRENT_PROJECT_VERSION = 1;
				DEVELOPMENT_TEAM = DFZ8N2CQSG;
				GENERATE_INFOPLIST_FILE = YES;
				LD_RUNPATH_SEARCH_PATHS = (
					"$(inherited)",
					"@executable_path/Frameworks",
					"@loader_path/Frameworks",
				);
				MARKETING_VERSION = 1.0;
				PRODUCT_BUNDLE_IDENTIFIER = KamolIbragimov.AirStoneUITests;
				PRODUCT_NAME = "$(TARGET_NAME)";
				SWIFT_EMIT_LOC_STRINGS = NO;
				SWIFT_VERSION = 5.0;
				TARGETED_DEVICE_FAMILY = "1,2";
				TEST_TARGET_NAME = AirStone;
			};
			name = Debug;
		};
		65512602276CBF7F00384E48 /* Release */ = {
			isa = XCBuildConfiguration;
			buildSettings = {
				ALWAYS_EMBED_SWIFT_STANDARD_LIBRARIES = YES;
				CODE_SIGN_STYLE = Automatic;
				CURRENT_PROJECT_VERSION = 1;
				DEVELOPMENT_TEAM = DFZ8N2CQSG;
				GENERATE_INFOPLIST_FILE = YES;
				LD_RUNPATH_SEARCH_PATHS = (
					"$(inherited)",
					"@executable_path/Frameworks",
					"@loader_path/Frameworks",
				);
				MARKETING_VERSION = 1.0;
				PRODUCT_BUNDLE_IDENTIFIER = KamolIbragimov.AirStoneUITests;
				PRODUCT_NAME = "$(TARGET_NAME)";
				SWIFT_EMIT_LOC_STRINGS = NO;
				SWIFT_VERSION = 5.0;
				TARGETED_DEVICE_FAMILY = "1,2";
				TEST_TARGET_NAME = AirStone;
			};
			name = Release;
		};
/* End XCBuildConfiguration section */

/* Begin XCConfigurationList section */
		655125CB276CBF7C00384E48 /* Build configuration list for PBXProject "AirStone" */ = {
			isa = XCConfigurationList;
			buildConfigurations = (
				655125F8276CBF7F00384E48 /* Debug */,
				655125F9276CBF7F00384E48 /* Release */,
			);
			defaultConfigurationIsVisible = 0;
			defaultConfigurationName = Release;
		};
		655125FA276CBF7F00384E48 /* Build configuration list for PBXNativeTarget "AirStone" */ = {
			isa = XCConfigurationList;
			buildConfigurations = (
				655125FB276CBF7F00384E48 /* Debug */,
				655125FC276CBF7F00384E48 /* Release */,
			);
			defaultConfigurationIsVisible = 0;
			defaultConfigurationName = Release;
		};
		655125FD276CBF7F00384E48 /* Build configuration list for PBXNativeTarget "AirStoneTests" */ = {
			isa = XCConfigurationList;
			buildConfigurations = (
				655125FE276CBF7F00384E48 /* Debug */,
				655125FF276CBF7F00384E48 /* Release */,
			);
			defaultConfigurationIsVisible = 0;
			defaultConfigurationName = Release;
		};
		65512600276CBF7F00384E48 /* Build configuration list for PBXNativeTarget "AirStoneUITests" */ = {
			isa = XCConfigurationList;
			buildConfigurations = (
				65512601276CBF7F00384E48 /* Debug */,
				65512602276CBF7F00384E48 /* Release */,
			);
			defaultConfigurationIsVisible = 0;
			defaultConfigurationName = Release;
		};
/* End XCConfigurationList section */
	};
	rootObject = 655125C8276CBF7C00384E48 /* Project object */;
}
